// !$*UTF8*$!
{
	archiveVersion = 1;
	classes = {
	};
	objectVersion = 46;
	objects = {

/* Begin PBXBuildFile section */
		FE4F018C1D5B0EDD008952E4 /* DemoCell.m in Sources */ = {isa = PBXBuildFile; fileRef = FE4F018B1D5B0EDD008952E4 /* DemoCell.m */; };
		FE4F018F1D5B0F9A008952E4 /* DemoCellViewModel.m in Sources */ = {isa = PBXBuildFile; fileRef = FE4F018E1D5B0F9A008952E4 /* DemoCellViewModel.m */; };
		FE4F01921D5B1440008952E4 /* DemoCellData.m in Sources */ = {isa = PBXBuildFile; fileRef = FE4F01911D5B1440008952E4 /* DemoCellData.m */; };
		FE4F01951D5B1BAF008952E4 /* DemoHeaderView.m in Sources */ = {isa = PBXBuildFile; fileRef = FE4F01941D5B1BAF008952E4 /* DemoHeaderView.m */; };
		FE4F01981D5B1C49008952E4 /* DemoSectionData.m in Sources */ = {isa = PBXBuildFile; fileRef = FE4F01971D5B1C49008952E4 /* DemoSectionData.m */; };
		FE4F019B1D5B1C84008952E4 /* DemoHeaderViewModel.m in Sources */ = {isa = PBXBuildFile; fileRef = FE4F019A1D5B1C84008952E4 /* DemoHeaderViewModel.m */; };
		FE4F019E1D5B1F4D008952E4 /* DemoDelegate.m in Sources */ = {isa = PBXBuildFile; fileRef = FE4F019D1D5B1F4D008952E4 /* DemoDelegate.m */; };
		FEAF11381D5ABE22008D5AC0 /* AHTableViewDataSource.m in Sources */ = {isa = PBXBuildFile; fileRef = FEAF11241D5ABE22008D5AC0 /* AHTableViewDataSource.m */; };
		FEAF11391D5ABE22008D5AC0 /* AHTableViewDelegate.m in Sources */ = {isa = PBXBuildFile; fileRef = FEAF11261D5ABE22008D5AC0 /* AHTableViewDelegate.m */; };
		FEAF113A1D5ABE22008D5AC0 /* AHTableViewCellData.m in Sources */ = {isa = PBXBuildFile; fileRef = FEAF11291D5ABE22008D5AC0 /* AHTableViewCellData.m */; };
		FEAF113B1D5ABE22008D5AC0 /* AHTableViewSectionData.m in Sources */ = {isa = PBXBuildFile; fileRef = FEAF112B1D5ABE22008D5AC0 /* AHTableViewSectionData.m */; };
		FEAF113C1D5ABE22008D5AC0 /* AHTableViewCellViewModel.m in Sources */ = {isa = PBXBuildFile; fileRef = FEAF112E1D5ABE22008D5AC0 /* AHTableViewCellViewModel.m */; };
		FEAF113D1D5ABE22008D5AC0 /* AHTableViewHeaderFooterViewModel.m in Sources */ = {isa = PBXBuildFile; fileRef = FEAF11301D5ABE22008D5AC0 /* AHTableViewHeaderFooterViewModel.m */; };
		FEAF113E1D5ABE22008D5AC0 /* AHTableView.m in Sources */ = {isa = PBXBuildFile; fileRef = FEAF11331D5ABE22008D5AC0 /* AHTableView.m */; };
		FEAF113F1D5ABE22008D5AC0 /* AHTableViewCell.m in Sources */ = {isa = PBXBuildFile; fileRef = FEAF11351D5ABE22008D5AC0 /* AHTableViewCell.m */; };
		FEAF11401D5ABE22008D5AC0 /* AHTableViewHeaderFooterView.m in Sources */ = {isa = PBXBuildFile; fileRef = FEAF11371D5ABE22008D5AC0 /* AHTableViewHeaderFooterView.m */; };
		FECA95151D596D7C00582F8B /* main.m in Sources */ = {isa = PBXBuildFile; fileRef = FECA95141D596D7C00582F8B /* main.m */; };
		FECA95181D596D7C00582F8B /* AppDelegate.m in Sources */ = {isa = PBXBuildFile; fileRef = FECA95171D596D7C00582F8B /* AppDelegate.m */; };
		FECA951B1D596D7C00582F8B /* ViewController.m in Sources */ = {isa = PBXBuildFile; fileRef = FECA951A1D596D7C00582F8B /* ViewController.m */; };
		FECA951E1D596D7C00582F8B /* Main.storyboard in Resources */ = {isa = PBXBuildFile; fileRef = FECA951C1D596D7C00582F8B /* Main.storyboard */; };
		FECA95201D596D7C00582F8B /* Assets.xcassets in Resources */ = {isa = PBXBuildFile; fileRef = FECA951F1D596D7C00582F8B /* Assets.xcassets */; };
		FECA95231D596D7C00582F8B /* LaunchScreen.storyboard in Resources */ = {isa = PBXBuildFile; fileRef = FECA95211D596D7C00582F8B /* LaunchScreen.storyboard */; };
		FECA952E1D596D7C00582F8B /* AHTableViewTests.m in Sources */ = {isa = PBXBuildFile; fileRef = FECA952D1D596D7C00582F8B /* AHTableViewTests.m */; };
		FECA95391D596D7C00582F8B /* AHTableViewUITests.m in Sources */ = {isa = PBXBuildFile; fileRef = FECA95381D596D7C00582F8B /* AHTableViewUITests.m */; };
/* End PBXBuildFile section */

/* Begin PBXContainerItemProxy section */
		FECA952A1D596D7C00582F8B /* PBXContainerItemProxy */ = {
			isa = PBXContainerItemProxy;
			containerPortal = FECA95081D596D7C00582F8B /* Project object */;
			proxyType = 1;
			remoteGlobalIDString = FECA950F1D596D7C00582F8B;
			remoteInfo = AHTableView;
		};
		FECA95351D596D7C00582F8B /* PBXContainerItemProxy */ = {
			isa = PBXContainerItemProxy;
			containerPortal = FECA95081D596D7C00582F8B /* Project object */;
			proxyType = 1;
			remoteGlobalIDString = FECA950F1D596D7C00582F8B;
			remoteInfo = AHTableView;
		};
/* End PBXContainerItemProxy section */

/* Begin PBXFileReference section */
		FE4F018A1D5B0EDD008952E4 /* DemoCell.h */ = {isa = PBXFileReference; fileEncoding = 4; lastKnownFileType = sourcecode.c.h; path = DemoCell.h; sourceTree = "<group>"; };
		FE4F018B1D5B0EDD008952E4 /* DemoCell.m */ = {isa = PBXFileReference; fileEncoding = 4; lastKnownFileType = sourcecode.c.objc; path = DemoCell.m; sourceTree = "<group>"; };
		FE4F018D1D5B0F9A008952E4 /* DemoCellViewModel.h */ = {isa = PBXFileReference; fileEncoding = 4; lastKnownFileType = sourcecode.c.h; path = DemoCellViewModel.h; sourceTree = "<group>"; };
		FE4F018E1D5B0F9A008952E4 /* DemoCellViewModel.m */ = {isa = PBXFileReference; fileEncoding = 4; lastKnownFileType = sourcecode.c.objc; path = DemoCellViewModel.m; sourceTree = "<group>"; };
		FE4F01901D5B1440008952E4 /* DemoCellData.h */ = {isa = PBXFileReference; fileEncoding = 4; lastKnownFileType = sourcecode.c.h; path = DemoCellData.h; sourceTree = "<group>"; };
		FE4F01911D5B1440008952E4 /* DemoCellData.m */ = {isa = PBXFileReference; fileEncoding = 4; lastKnownFileType = sourcecode.c.objc; path = DemoCellData.m; sourceTree = "<group>"; };
		FE4F01931D5B1BAF008952E4 /* DemoHeaderView.h */ = {isa = PBXFileReference; fileEncoding = 4; lastKnownFileType = sourcecode.c.h; path = DemoHeaderView.h; sourceTree = "<group>"; };
		FE4F01941D5B1BAF008952E4 /* DemoHeaderView.m */ = {isa = PBXFileReference; fileEncoding = 4; lastKnownFileType = sourcecode.c.objc; path = DemoHeaderView.m; sourceTree = "<group>"; };
		FE4F01961D5B1C49008952E4 /* DemoSectionData.h */ = {isa = PBXFileReference; fileEncoding = 4; lastKnownFileType = sourcecode.c.h; path = DemoSectionData.h; sourceTree = "<group>"; };
		FE4F01971D5B1C49008952E4 /* DemoSectionData.m */ = {isa = PBXFileReference; fileEncoding = 4; lastKnownFileType = sourcecode.c.objc; path = DemoSectionData.m; sourceTree = "<group>"; };
		FE4F01991D5B1C84008952E4 /* DemoHeaderViewModel.h */ = {isa = PBXFileReference; fileEncoding = 4; lastKnownFileType = sourcecode.c.h; path = DemoHeaderViewModel.h; sourceTree = "<group>"; };
		FE4F019A1D5B1C84008952E4 /* DemoHeaderViewModel.m */ = {isa = PBXFileReference; fileEncoding = 4; lastKnownFileType = sourcecode.c.objc; path = DemoHeaderViewModel.m; sourceTree = "<group>"; };
		FE4F019C1D5B1F4D008952E4 /* DemoDelegate.h */ = {isa = PBXFileReference; fileEncoding = 4; lastKnownFileType = sourcecode.c.h; path = DemoDelegate.h; sourceTree = "<group>"; };
		FE4F019D1D5B1F4D008952E4 /* DemoDelegate.m */ = {isa = PBXFileReference; fileEncoding = 4; lastKnownFileType = sourcecode.c.objc; path = DemoDelegate.m; sourceTree = "<group>"; };
		FEAF11231D5ABE22008D5AC0 /* AHTableViewDataSource.h */ = {isa = PBXFileReference; fileEncoding = 4; lastKnownFileType = sourcecode.c.h; path = AHTableViewDataSource.h; sourceTree = "<group>"; };
		FEAF11241D5ABE22008D5AC0 /* AHTableViewDataSource.m */ = {isa = PBXFileReference; fileEncoding = 4; lastKnownFileType = sourcecode.c.objc; path = AHTableViewDataSource.m; sourceTree = "<group>"; };
		FEAF11251D5ABE22008D5AC0 /* AHTableViewDelegate.h */ = {isa = PBXFileReference; fileEncoding = 4; lastKnownFileType = sourcecode.c.h; path = AHTableViewDelegate.h; sourceTree = "<group>"; };
		FEAF11261D5ABE22008D5AC0 /* AHTableViewDelegate.m */ = {isa = PBXFileReference; fileEncoding = 4; lastKnownFileType = sourcecode.c.objc; path = AHTableViewDelegate.m; sourceTree = "<group>"; };
		FEAF11281D5ABE22008D5AC0 /* AHTableViewCellData.h */ = {isa = PBXFileReference; fileEncoding = 4; lastKnownFileType = sourcecode.c.h; path = AHTableViewCellData.h; sourceTree = "<group>"; };
		FEAF11291D5ABE22008D5AC0 /* AHTableViewCellData.m */ = {isa = PBXFileReference; fileEncoding = 4; lastKnownFileType = sourcecode.c.objc; path = AHTableViewCellData.m; sourceTree = "<group>"; };
		FEAF112A1D5ABE22008D5AC0 /* AHTableViewSectionData.h */ = {isa = PBXFileReference; fileEncoding = 4; lastKnownFileType = sourcecode.c.h; path = AHTableViewSectionData.h; sourceTree = "<group>"; };
		FEAF112B1D5ABE22008D5AC0 /* AHTableViewSectionData.m */ = {isa = PBXFileReference; fileEncoding = 4; lastKnownFileType = sourcecode.c.objc; path = AHTableViewSectionData.m; sourceTree = "<group>"; };
		FEAF112D1D5ABE22008D5AC0 /* AHTableViewCellViewModel.h */ = {isa = PBXFileReference; fileEncoding = 4; lastKnownFileType = sourcecode.c.h; path = AHTableViewCellViewModel.h; sourceTree = "<group>"; };
		FEAF112E1D5ABE22008D5AC0 /* AHTableViewCellViewModel.m */ = {isa = PBXFileReference; fileEncoding = 4; lastKnownFileType = sourcecode.c.objc; path = AHTableViewCellViewModel.m; sourceTree = "<group>"; };
		FEAF112F1D5ABE22008D5AC0 /* AHTableViewHeaderFooterViewModel.h */ = {isa = PBXFileReference; fileEncoding = 4; lastKnownFileType = sourcecode.c.h; path = AHTableViewHeaderFooterViewModel.h; sourceTree = "<group>"; };
		FEAF11301D5ABE22008D5AC0 /* AHTableViewHeaderFooterViewModel.m */ = {isa = PBXFileReference; fileEncoding = 4; lastKnownFileType = sourcecode.c.objc; path = AHTableViewHeaderFooterViewModel.m; sourceTree = "<group>"; };
		FEAF11321D5ABE22008D5AC0 /* AHTableView.h */ = {isa = PBXFileReference; fileEncoding = 4; lastKnownFileType = sourcecode.c.h; path = AHTableView.h; sourceTree = "<group>"; };
		FEAF11331D5ABE22008D5AC0 /* AHTableView.m */ = {isa = PBXFileReference; fileEncoding = 4; lastKnownFileType = sourcecode.c.objc; path = AHTableView.m; sourceTree = "<group>"; };
		FEAF11341D5ABE22008D5AC0 /* AHTableViewCell.h */ = {isa = PBXFileReference; fileEncoding = 4; lastKnownFileType = sourcecode.c.h; path = AHTableViewCell.h; sourceTree = "<group>"; };
		FEAF11351D5ABE22008D5AC0 /* AHTableViewCell.m */ = {isa = PBXFileReference; fileEncoding = 4; lastKnownFileType = sourcecode.c.objc; path = AHTableViewCell.m; sourceTree = "<group>"; };
		FEAF11361D5ABE22008D5AC0 /* AHTableViewHeaderFooterView.h */ = {isa = PBXFileReference; fileEncoding = 4; lastKnownFileType = sourcecode.c.h; path = AHTableViewHeaderFooterView.h; sourceTree = "<group>"; };
		FEAF11371D5ABE22008D5AC0 /* AHTableViewHeaderFooterView.m */ = {isa = PBXFileReference; fileEncoding = 4; lastKnownFileType = sourcecode.c.objc; path = AHTableViewHeaderFooterView.m; sourceTree = "<group>"; };
		FECA95101D596D7C00582F8B /* AHTableView.app */ = {isa = PBXFileReference; explicitFileType = wrapper.application; includeInIndex = 0; path = AHTableView.app; sourceTree = BUILT_PRODUCTS_DIR; };
		FECA95141D596D7C00582F8B /* main.m */ = {isa = PBXFileReference; lastKnownFileType = sourcecode.c.objc; path = main.m; sourceTree = "<group>"; };
		FECA95161D596D7C00582F8B /* AppDelegate.h */ = {isa = PBXFileReference; lastKnownFileType = sourcecode.c.h; path = AppDelegate.h; sourceTree = "<group>"; };
		FECA95171D596D7C00582F8B /* AppDelegate.m */ = {isa = PBXFileReference; lastKnownFileType = sourcecode.c.objc; path = AppDelegate.m; sourceTree = "<group>"; };
		FECA95191D596D7C00582F8B /* ViewController.h */ = {isa = PBXFileReference; lastKnownFileType = sourcecode.c.h; path = ViewController.h; sourceTree = "<group>"; };
		FECA951A1D596D7C00582F8B /* ViewController.m */ = {isa = PBXFileReference; lastKnownFileType = sourcecode.c.objc; path = ViewController.m; sourceTree = "<group>"; };
		FECA951D1D596D7C00582F8B /* Base */ = {isa = PBXFileReference; lastKnownFileType = file.storyboard; name = Base; path = Base.lproj/Main.storyboard; sourceTree = "<group>"; };
		FECA951F1D596D7C00582F8B /* Assets.xcassets */ = {isa = PBXFileReference; lastKnownFileType = folder.assetcatalog; path = Assets.xcassets; sourceTree = "<group>"; };
		FECA95221D596D7C00582F8B /* Base */ = {isa = PBXFileReference; lastKnownFileType = file.storyboard; name = Base; path = Base.lproj/LaunchScreen.storyboard; sourceTree = "<group>"; };
		FECA95241D596D7C00582F8B /* Info.plist */ = {isa = PBXFileReference; lastKnownFileType = text.plist.xml; path = Info.plist; sourceTree = "<group>"; };
		FECA95291D596D7C00582F8B /* AHTableViewTests.xctest */ = {isa = PBXFileReference; explicitFileType = wrapper.cfbundle; includeInIndex = 0; path = AHTableViewTests.xctest; sourceTree = BUILT_PRODUCTS_DIR; };
		FECA952D1D596D7C00582F8B /* AHTableViewTests.m */ = {isa = PBXFileReference; lastKnownFileType = sourcecode.c.objc; path = AHTableViewTests.m; sourceTree = "<group>"; };
		FECA952F1D596D7C00582F8B /* Info.plist */ = {isa = PBXFileReference; lastKnownFileType = text.plist.xml; path = Info.plist; sourceTree = "<group>"; };
		FECA95341D596D7C00582F8B /* AHTableViewUITests.xctest */ = {isa = PBXFileReference; explicitFileType = wrapper.cfbundle; includeInIndex = 0; path = AHTableViewUITests.xctest; sourceTree = BUILT_PRODUCTS_DIR; };
		FECA95381D596D7C00582F8B /* AHTableViewUITests.m */ = {isa = PBXFileReference; lastKnownFileType = sourcecode.c.objc; path = AHTableViewUITests.m; sourceTree = "<group>"; };
		FECA953A1D596D7C00582F8B /* Info.plist */ = {isa = PBXFileReference; lastKnownFileType = text.plist.xml; path = Info.plist; sourceTree = "<group>"; };
/* End PBXFileReference section */

/* Begin PBXFrameworksBuildPhase section */
		FECA950D1D596D7C00582F8B /* Frameworks */ = {
			isa = PBXFrameworksBuildPhase;
			buildActionMask = 2147483647;
			files = (
			);
			runOnlyForDeploymentPostprocessing = 0;
		};
		FECA95261D596D7C00582F8B /* Frameworks */ = {
			isa = PBXFrameworksBuildPhase;
			buildActionMask = 2147483647;
			files = (
			);
			runOnlyForDeploymentPostprocessing = 0;
		};
		FECA95311D596D7C00582F8B /* Frameworks */ = {
			isa = PBXFrameworksBuildPhase;
			buildActionMask = 2147483647;
			files = (
			);
			runOnlyForDeploymentPostprocessing = 0;
		};
/* End PBXFrameworksBuildPhase section */

/* Begin PBXGroup section */
		FE4F01851D5B0EB7008952E4 /* Demo */ = {
			isa = PBXGroup;
			children = (
				FE4F01861D5B0EB7008952E4 /* Controllers */,
				FE4F01871D5B0EB7008952E4 /* Models */,
				FE4F01881D5B0EB7008952E4 /* ViewModels */,
				FE4F01891D5B0EB7008952E4 /* Views */,
			);
			path = Demo;
			sourceTree = "<group>";
		};
		FE4F01861D5B0EB7008952E4 /* Controllers */ = {
			isa = PBXGroup;
			children = (
				FE4F019C1D5B1F4D008952E4 /* DemoDelegate.h */,
				FE4F019D1D5B1F4D008952E4 /* DemoDelegate.m */,
			);
			path = Controllers;
			sourceTree = "<group>";
		};
		FE4F01871D5B0EB7008952E4 /* Models */ = {
			isa = PBXGroup;
			children = (
				FE4F01901D5B1440008952E4 /* DemoCellData.h */,
				FE4F01911D5B1440008952E4 /* DemoCellData.m */,
				FE4F01961D5B1C49008952E4 /* DemoSectionData.h */,
				FE4F01971D5B1C49008952E4 /* DemoSectionData.m */,
			);
			path = Models;
			sourceTree = "<group>";
		};
		FE4F01881D5B0EB7008952E4 /* ViewModels */ = {
			isa = PBXGroup;
			children = (
				FE4F018D1D5B0F9A008952E4 /* DemoCellViewModel.h */,
				FE4F018E1D5B0F9A008952E4 /* DemoCellViewModel.m */,
				FE4F01991D5B1C84008952E4 /* DemoHeaderViewModel.h */,
				FE4F019A1D5B1C84008952E4 /* DemoHeaderViewModel.m */,
			);
			path = ViewModels;
			sourceTree = "<group>";
		};
		FE4F01891D5B0EB7008952E4 /* Views */ = {
			isa = PBXGroup;
			children = (
				FE4F018A1D5B0EDD008952E4 /* DemoCell.h */,
				FE4F018B1D5B0EDD008952E4 /* DemoCell.m */,
				FE4F01931D5B1BAF008952E4 /* DemoHeaderView.h */,
				FE4F01941D5B1BAF008952E4 /* DemoHeaderView.m */,
			);
			path = Views;
			sourceTree = "<group>";
		};
		FEAF11221D5ABE22008D5AC0 /* Controllers */ = {
			isa = PBXGroup;
			children = (
				FEAF11231D5ABE22008D5AC0 /* AHTableViewDataSource.h */,
				FEAF11241D5ABE22008D5AC0 /* AHTableViewDataSource.m */,
				FEAF11251D5ABE22008D5AC0 /* AHTableViewDelegate.h */,
				FEAF11261D5ABE22008D5AC0 /* AHTableViewDelegate.m */,
			);
			path = Controllers;
			sourceTree = "<group>";
		};
		FEAF11271D5ABE22008D5AC0 /* Models */ = {
			isa = PBXGroup;
			children = (
				FEAF11281D5ABE22008D5AC0 /* AHTableViewCellData.h */,
				FEAF11291D5ABE22008D5AC0 /* AHTableViewCellData.m */,
				FEAF112A1D5ABE22008D5AC0 /* AHTableViewSectionData.h */,
				FEAF112B1D5ABE22008D5AC0 /* AHTableViewSectionData.m */,
			);
			path = Models;
			sourceTree = "<group>";
		};
		FEAF112C1D5ABE22008D5AC0 /* ViewModels */ = {
			isa = PBXGroup;
			children = (
				FEAF112D1D5ABE22008D5AC0 /* AHTableViewCellViewModel.h */,
				FEAF112E1D5ABE22008D5AC0 /* AHTableViewCellViewModel.m */,
				FEAF112F1D5ABE22008D5AC0 /* AHTableViewHeaderFooterViewModel.h */,
				FEAF11301D5ABE22008D5AC0 /* AHTableViewHeaderFooterViewModel.m */,
			);
			path = ViewModels;
			sourceTree = "<group>";
		};
		FEAF11311D5ABE22008D5AC0 /* Views */ = {
			isa = PBXGroup;
			children = (
				FEAF11321D5ABE22008D5AC0 /* AHTableView.h */,
				FEAF11331D5ABE22008D5AC0 /* AHTableView.m */,
				FEAF11341D5ABE22008D5AC0 /* AHTableViewCell.h */,
				FEAF11351D5ABE22008D5AC0 /* AHTableViewCell.m */,
				FEAF11361D5ABE22008D5AC0 /* AHTableViewHeaderFooterView.h */,
				FEAF11371D5ABE22008D5AC0 /* AHTableViewHeaderFooterView.m */,
			);
			path = Views;
			sourceTree = "<group>";
		};
		FECA95071D596D7C00582F8B = {
			isa = PBXGroup;
			children = (
				FECA95121D596D7C00582F8B /* AHTableView */,
				FECA952C1D596D7C00582F8B /* AHTableViewTests */,
				FECA95371D596D7C00582F8B /* AHTableViewUITests */,
				FECA95111D596D7C00582F8B /* Products */,
			);
			sourceTree = "<group>";
		};
		FECA95111D596D7C00582F8B /* Products */ = {
			isa = PBXGroup;
			children = (
				FECA95101D596D7C00582F8B /* AHTableView.app */,
				FECA95291D596D7C00582F8B /* AHTableViewTests.xctest */,
				FECA95341D596D7C00582F8B /* AHTableViewUITests.xctest */,
			);
			name = Products;
			sourceTree = "<group>";
		};
		FECA95121D596D7C00582F8B /* AHTableView */ = {
			isa = PBXGroup;
			children = (
				FE4F01851D5B0EB7008952E4 /* Demo */,
				FECA95461D596DB200582F8B /* Classes */,
				FECA95161D596D7C00582F8B /* AppDelegate.h */,
				FECA95171D596D7C00582F8B /* AppDelegate.m */,
				FECA95191D596D7C00582F8B /* ViewController.h */,
				FECA951A1D596D7C00582F8B /* ViewController.m */,
				FECA951C1D596D7C00582F8B /* Main.storyboard */,
				FECA951F1D596D7C00582F8B /* Assets.xcassets */,
				FECA95211D596D7C00582F8B /* LaunchScreen.storyboard */,
				FECA95241D596D7C00582F8B /* Info.plist */,
				FECA95131D596D7C00582F8B /* Supporting Files */,
			);
			path = AHTableView;
			sourceTree = "<group>";
		};
		FECA95131D596D7C00582F8B /* Supporting Files */ = {
			isa = PBXGroup;
			children = (
				FECA95141D596D7C00582F8B /* main.m */,
			);
			name = "Supporting Files";
			sourceTree = "<group>";
		};
		FECA952C1D596D7C00582F8B /* AHTableViewTests */ = {
			isa = PBXGroup;
			children = (
				FECA952D1D596D7C00582F8B /* AHTableViewTests.m */,
				FECA952F1D596D7C00582F8B /* Info.plist */,
			);
			path = AHTableViewTests;
			sourceTree = "<group>";
		};
		FECA95371D596D7C00582F8B /* AHTableViewUITests */ = {
			isa = PBXGroup;
			children = (
				FECA95381D596D7C00582F8B /* AHTableViewUITests.m */,
				FECA953A1D596D7C00582F8B /* Info.plist */,
			);
			path = AHTableViewUITests;
			sourceTree = "<group>";
		};
		FECA95461D596DB200582F8B /* Classes */ = {
			isa = PBXGroup;
			children = (
				FEAF11221D5ABE22008D5AC0 /* Controllers */,
				FEAF11271D5ABE22008D5AC0 /* Models */,
				FEAF112C1D5ABE22008D5AC0 /* ViewModels */,
				FEAF11311D5ABE22008D5AC0 /* Views */,
			);
			path = Classes;
			sourceTree = "<group>";
		};
/* End PBXGroup section */

/* Begin PBXNativeTarget section */
		FECA950F1D596D7C00582F8B /* AHTableView */ = {
			isa = PBXNativeTarget;
			buildConfigurationList = FECA953D1D596D7C00582F8B /* Build configuration list for PBXNativeTarget "AHTableView" */;
			buildPhases = (
				FECA950C1D596D7C00582F8B /* Sources */,
				FECA950D1D596D7C00582F8B /* Frameworks */,
				FECA950E1D596D7C00582F8B /* Resources */,
			);
			buildRules = (
			);
			dependencies = (
			);
			name = AHTableView;
			productName = AHTableView;
			productReference = FECA95101D596D7C00582F8B /* AHTableView.app */;
			productType = "com.apple.product-type.application";
		};
		FECA95281D596D7C00582F8B /* AHTableViewTests */ = {
			isa = PBXNativeTarget;
			buildConfigurationList = FECA95401D596D7C00582F8B /* Build configuration list for PBXNativeTarget "AHTableViewTests" */;
			buildPhases = (
				FECA95251D596D7C00582F8B /* Sources */,
				FECA95261D596D7C00582F8B /* Frameworks */,
				FECA95271D596D7C00582F8B /* Resources */,
			);
			buildRules = (
			);
			dependencies = (
				FECA952B1D596D7C00582F8B /* PBXTargetDependency */,
			);
			name = AHTableViewTests;
			productName = AHTableViewTests;
			productReference = FECA95291D596D7C00582F8B /* AHTableViewTests.xctest */;
			productType = "com.apple.product-type.bundle.unit-test";
		};
		FECA95331D596D7C00582F8B /* AHTableViewUITests */ = {
			isa = PBXNativeTarget;
			buildConfigurationList = FECA95431D596D7C00582F8B /* Build configuration list for PBXNativeTarget "AHTableViewUITests" */;
			buildPhases = (
				FECA95301D596D7C00582F8B /* Sources */,
				FECA95311D596D7C00582F8B /* Frameworks */,
				FECA95321D596D7C00582F8B /* Resources */,
			);
			buildRules = (
			);
			dependencies = (
				FECA95361D596D7C00582F8B /* PBXTargetDependency */,
			);
			name = AHTableViewUITests;
			productName = AHTableViewUITests;
			productReference = FECA95341D596D7C00582F8B /* AHTableViewUITests.xctest */;
			productType = "com.apple.product-type.bundle.ui-testing";
		};
/* End PBXNativeTarget section */

/* Begin PBXProject section */
		FECA95081D596D7C00582F8B /* Project object */ = {
			isa = PBXProject;
			attributes = {
				LastUpgradeCheck = 0730;
				ORGANIZATIONNAME = Aalen;
				TargetAttributes = {
					FECA950F1D596D7C00582F8B = {
						CreatedOnToolsVersion = 7.3;
					};
					FECA95281D596D7C00582F8B = {
						CreatedOnToolsVersion = 7.3;
						TestTargetID = FECA950F1D596D7C00582F8B;
					};
					FECA95331D596D7C00582F8B = {
						CreatedOnToolsVersion = 7.3;
						TestTargetID = FECA950F1D596D7C00582F8B;
					};
				};
			};
			buildConfigurationList = FECA950B1D596D7C00582F8B /* Build configuration list for PBXProject "AHTableView" */;
			compatibilityVersion = "Xcode 3.2";
			developmentRegion = English;
			hasScannedForEncodings = 0;
			knownRegions = (
				en,
				Base,
			);
			mainGroup = FECA95071D596D7C00582F8B;
			productRefGroup = FECA95111D596D7C00582F8B /* Products */;
			projectDirPath = "";
			projectRoot = "";
			targets = (
				FECA950F1D596D7C00582F8B /* AHTableView */,
				FECA95281D596D7C00582F8B /* AHTableViewTests */,
				FECA95331D596D7C00582F8B /* AHTableViewUITests */,
			);
		};
/* End PBXProject section */

/* Begin PBXResourcesBuildPhase section */
		FECA950E1D596D7C00582F8B /* Resources */ = {
			isa = PBXResourcesBuildPhase;
			buildActionMask = 2147483647;
			files = (
				FECA95231D596D7C00582F8B /* LaunchScreen.storyboard in Resources */,
				FECA95201D596D7C00582F8B /* Assets.xcassets in Resources */,
				FECA951E1D596D7C00582F8B /* Main.storyboard in Resources */,
			);
			runOnlyForDeploymentPostprocessing = 0;
		};
		FECA95271D596D7C00582F8B /* Resources */ = {
			isa = PBXResourcesBuildPhase;
			buildActionMask = 2147483647;
			files = (
			);
			runOnlyForDeploymentPostprocessing = 0;
		};
		FECA95321D596D7C00582F8B /* Resources */ = {
			isa = PBXResourcesBuildPhase;
			buildActionMask = 2147483647;
			files = (
			);
			runOnlyForDeploymentPostprocessing = 0;
		};
/* End PBXResourcesBuildPhase section */

/* Begin PBXSourcesBuildPhase section */
		FECA950C1D596D7C00582F8B /* Sources */ = {
			isa = PBXSourcesBuildPhase;
			buildActionMask = 2147483647;
			files = (
				FECA951B1D596D7C00582F8B /* ViewController.m in Sources */,
				FEAF113B1D5ABE22008D5AC0 /* AHTableViewSectionData.m in Sources */,
				FE4F01981D5B1C49008952E4 /* DemoSectionData.m in Sources */,
				FEAF11391D5ABE22008D5AC0 /* AHTableViewDelegate.m in Sources */,
				FEAF113F1D5ABE22008D5AC0 /* AHTableViewCell.m in Sources */,
				FE4F01951D5B1BAF008952E4 /* DemoHeaderView.m in Sources */,
				FE4F019B1D5B1C84008952E4 /* DemoHeaderViewModel.m in Sources */,
				FE4F01921D5B1440008952E4 /* DemoCellData.m in Sources */,
				FEAF113A1D5ABE22008D5AC0 /* AHTableViewCellData.m in Sources */,
				FE4F018C1D5B0EDD008952E4 /* DemoCell.m in Sources */,
				FEAF113E1D5ABE22008D5AC0 /* AHTableView.m in Sources */,
				FEAF11381D5ABE22008D5AC0 /* AHTableViewDataSource.m in Sources */,
				FEAF11401D5ABE22008D5AC0 /* AHTableViewHeaderFooterView.m in Sources */,
				FEAF113C1D5ABE22008D5AC0 /* AHTableViewCellViewModel.m in Sources */,
				FECA95181D596D7C00582F8B /* AppDelegate.m in Sources */,
				FE4F019E1D5B1F4D008952E4 /* DemoDelegate.m in Sources */,
				FEAF113D1D5ABE22008D5AC0 /* AHTableViewHeaderFooterViewModel.m in Sources */,
				FECA95151D596D7C00582F8B /* main.m in Sources */,
				FE4F018F1D5B0F9A008952E4 /* DemoCellViewModel.m in Sources */,
			);
			runOnlyForDeploymentPostprocessing = 0;
		};
		FECA95251D596D7C00582F8B /* Sources */ = {
			isa = PBXSourcesBuildPhase;
			buildActionMask = 2147483647;
			files = (
				FECA952E1D596D7C00582F8B /* AHTableViewTests.m in Sources */,
			);
			runOnlyForDeploymentPostprocessing = 0;
		};
		FECA95301D596D7C00582F8B /* Sources */ = {
			isa = PBXSourcesBuildPhase;
			buildActionMask = 2147483647;
			files = (
				FECA95391D596D7C00582F8B /* AHTableViewUITests.m in Sources */,
			);
			runOnlyForDeploymentPostprocessing = 0;
		};
/* End PBXSourcesBuildPhase section */

/* Begin PBXTargetDependency section */
		FECA952B1D596D7C00582F8B /* PBXTargetDependency */ = {
			isa = PBXTargetDependency;
			target = FECA950F1D596D7C00582F8B /* AHTableView */;
			targetProxy = FECA952A1D596D7C00582F8B /* PBXContainerItemProxy */;
		};
		FECA95361D596D7C00582F8B /* PBXTargetDependency */ = {
			isa = PBXTargetDependency;
			target = FECA950F1D596D7C00582F8B /* AHTableView */;
			targetProxy = FECA95351D596D7C00582F8B /* PBXContainerItemProxy */;
		};
/* End PBXTargetDependency section */

/* Begin PBXVariantGroup section */
		FECA951C1D596D7C00582F8B /* Main.storyboard */ = {
			isa = PBXVariantGroup;
			children = (
				FECA951D1D596D7C00582F8B /* Base */,
			);
			name = Main.storyboard;
			sourceTree = "<group>";
		};
		FECA95211D596D7C00582F8B /* LaunchScreen.storyboard */ = {
			isa = PBXVariantGroup;
			children = (
				FECA95221D596D7C00582F8B /* Base */,
			);
			name = LaunchScreen.storyboard;
			sourceTree = "<group>";
		};
/* End PBXVariantGroup section */

/* Begin XCBuildConfiguration section */
		FECA953B1D596D7C00582F8B /* Debug */ = {
			isa = XCBuildConfiguration;
			buildSettings = {
				ALWAYS_SEARCH_USER_PATHS = NO;
				CLANG_ANALYZER_NONNULL = YES;
				CLANG_CXX_LANGUAGE_STANDARD = "gnu++0x";
				CLANG_CXX_LIBRARY = "libc++";
				CLANG_ENABLE_MODULES = YES;
				CLANG_ENABLE_OBJC_ARC = YES;
				CLANG_WARN_BOOL_CONVERSION = YES;
				CLANG_WARN_CONSTANT_CONVERSION = YES;
				CLANG_WARN_DIRECT_OBJC_ISA_USAGE = YES_ERROR;
				CLANG_WARN_EMPTY_BODY = YES;
				CLANG_WARN_ENUM_CONVERSION = YES;
				CLANG_WARN_INT_CONVERSION = YES;
				CLANG_WARN_OBJC_ROOT_CLASS = YES_ERROR;
				CLANG_WARN_UNREACHABLE_CODE = YES;
				CLANG_WARN__DUPLICATE_METHOD_MATCH = YES;
				"CODE_SIGN_IDENTITY[sdk=iphoneos*]" = "iPhone Developer";
				COPY_PHASE_STRIP = NO;
				DEBUG_INFORMATION_FORMAT = dwarf;
				ENABLE_STRICT_OBJC_MSGSEND = YES;
				ENABLE_TESTABILITY = YES;
				GCC_C_LANGUAGE_STANDARD = gnu99;
				GCC_DYNAMIC_NO_PIC = NO;
				GCC_NO_COMMON_BLOCKS = YES;
				GCC_OPTIMIZATION_LEVEL = 0;
				GCC_PREPROCESSOR_DEFINITIONS = (
					"DEBUG=1",
					"$(inherited)",
				);
				GCC_WARN_64_TO_32_BIT_CONVERSION = YES;
				GCC_WARN_ABOUT_RETURN_TYPE = YES_ERROR;
				GCC_WARN_UNDECLARED_SELECTOR = YES;
				GCC_WARN_UNINITIALIZED_AUTOS = YES_AGGRESSIVE;
				GCC_WARN_UNUSED_FUNCTION = YES;
				GCC_WARN_UNUSED_VARIABLE = YES;
				IPHONEOS_DEPLOYMENT_TARGET = 9.3;
				MTL_ENABLE_DEBUG_INFO = YES;
				ONLY_ACTIVE_ARCH = YES;
				SDKROOT = iphoneos;
				TARGETED_DEVICE_FAMILY = "1,2";
			};
			name = Debug;
		};
		FECA953C1D596D7C00582F8B /* Release */ = {
			isa = XCBuildConfiguration;
			buildSettings = {
				ALWAYS_SEARCH_USER_PATHS = NO;
				CLANG_ANALYZER_NONNULL = YES;
				CLANG_CXX_LANGUAGE_STANDARD = "gnu++0x";
				CLANG_CXX_LIBRARY = "libc++";
				CLANG_ENABLE_MODULES = YES;
				CLANG_ENABLE_OBJC_ARC = YES;
				CLANG_WARN_BOOL_CONVERSION = YES;
				CLANG_WARN_CONSTANT_CONVERSION = YES;
				CLANG_WARN_DIRECT_OBJC_ISA_USAGE = YES_ERROR;
				CLANG_WARN_EMPTY_BODY = YES;
				CLANG_WARN_ENUM_CONVERSION = YES;
				CLANG_WARN_INT_CONVERSION = YES;
				CLANG_WARN_OBJC_ROOT_CLASS = YES_ERROR;
				CLANG_WARN_UNREACHABLE_CODE = YES;
				CLANG_WARN__DUPLICATE_METHOD_MATCH = YES;
				"CODE_SIGN_IDENTITY[sdk=iphoneos*]" = "iPhone Developer";
				COPY_PHASE_STRIP = NO;
				DEBUG_INFORMATION_FORMAT = "dwarf-with-dsym";
				ENABLE_NS_ASSERTIONS = NO;
				ENABLE_STRICT_OBJC_MSGSEND = YES;
				GCC_C_LANGUAGE_STANDARD = gnu99;
				GCC_NO_COMMON_BLOCKS = YES;
				GCC_WARN_64_TO_32_BIT_CONVERSION = YES;
				GCC_WARN_ABOUT_RETURN_TYPE = YES_ERROR;
				GCC_WARN_UNDECLARED_SELECTOR = YES;
				GCC_WARN_UNINITIALIZED_AUTOS = YES_AGGRESSIVE;
				GCC_WARN_UNUSED_FUNCTION = YES;
				GCC_WARN_UNUSED_VARIABLE = YES;
				IPHONEOS_DEPLOYMENT_TARGET = 9.3;
				MTL_ENABLE_DEBUG_INFO = NO;
				SDKROOT = iphoneos;
				TARGETED_DEVICE_FAMILY = "1,2";
				VALIDATE_PRODUCT = YES;
			};
			name = Release;
		};
		FECA953E1D596D7C00582F8B /* Debug */ = {
			isa = XCBuildConfiguration;
			buildSettings = {
				ASSETCATALOG_COMPILER_APPICON_NAME = AppIcon;
				INFOPLIST_FILE = AHTableView/Info.plist;
				LD_RUNPATH_SEARCH_PATHS = "$(inherited) @executable_path/Frameworks";
				PRODUCT_BUNDLE_IDENTIFIER = com.Aalen.AHTableView;
				PRODUCT_NAME = "$(TARGET_NAME)";
			};
			name = Debug;
		};
		FECA953F1D596D7C00582F8B /* Release */ = {
			isa = XCBuildConfiguration;
			buildSettings = {
				ASSETCATALOG_COMPILER_APPICON_NAME = AppIcon;
				INFOPLIST_FILE = AHTableView/Info.plist;
				LD_RUNPATH_SEARCH_PATHS = "$(inherited) @executable_path/Frameworks";
				PRODUCT_BUNDLE_IDENTIFIER = com.Aalen.AHTableView;
				PRODUCT_NAME = "$(TARGET_NAME)";
			};
			name = Release;
		};
		FECA95411D596D7C00582F8B /* Debug */ = {
			isa = XCBuildConfiguration;
			buildSettings = {
				BUNDLE_LOADER = "$(TEST_HOST)";
				INFOPLIST_FILE = AHTableViewTests/Info.plist;
				LD_RUNPATH_SEARCH_PATHS = "$(inherited) @executable_path/Frameworks @loader_path/Frameworks";
				PRODUCT_BUNDLE_IDENTIFIER = com.Aalen.AHTableViewTests;
				PRODUCT_NAME = "$(TARGET_NAME)";
				TEST_HOST = "$(BUILT_PRODUCTS_DIR)/AHTableView.app/AHTableView";
			};
			name = Debug;
		};
		FECA95421D596D7C00582F8B /* Release */ = {
			isa = XCBuildConfiguration;
			buildSettings = {
				BUNDLE_LOADER = "$(TEST_HOST)";
				INFOPLIST_FILE = AHTableViewTests/Info.plist;
				LD_RUNPATH_SEARCH_PATHS = "$(inherited) @executable_path/Frameworks @loader_path/Frameworks";
				PRODUCT_BUNDLE_IDENTIFIER = com.Aalen.AHTableViewTests;
				PRODUCT_NAME = "$(TARGET_NAME)";
				TEST_HOST = "$(BUILT_PRODUCTS_DIR)/AHTableView.app/AHTableView";
			};
			name = Release;
		};
		FECA95441D596D7C00582F8B /* Debug */ = {
			isa = XCBuildConfiguration;
			buildSettings = {
				INFOPLIST_FILE = AHTableViewUITests/Info.plist;
				LD_RUNPATH_SEARCH_PATHS = "$(inherited) @executable_path/Frameworks @loader_path/Frameworks";
				PRODUCT_BUNDLE_IDENTIFIER = com.Aalen.AHTableViewUITests;
				PRODUCT_NAME = "$(TARGET_NAME)";
				TEST_TARGET_NAME = AHTableView;
			};
			name = Debug;
		};
		FECA95451D596D7C00582F8B /* Release */ = {
			isa = XCBuildConfiguration;
			buildSettings = {
				INFOPLIST_FILE = AHTableViewUITests/Info.plist;
				LD_RUNPATH_SEARCH_PATHS = "$(inherited) @executable_path/Frameworks @loader_path/Frameworks";
				PRODUCT_BUNDLE_IDENTIFIER = com.Aalen.AHTableViewUITests;
				PRODUCT_NAME = "$(TARGET_NAME)";
				TEST_TARGET_NAME = AHTableView;
			};
			name = Release;
		};
/* End XCBuildConfiguration section */

/* Begin XCConfigurationList section */
		FECA950B1D596D7C00582F8B /* Build configuration list for PBXProject "AHTableView" */ = {
			isa = XCConfigurationList;
			buildConfigurations = (
				FECA953B1D596D7C00582F8B /* Debug */,
				FECA953C1D596D7C00582F8B /* Release */,
			);
			defaultConfigurationIsVisible = 0;
			defaultConfigurationName = Release;
		};
		FECA953D1D596D7C00582F8B /* Build configuration list for PBXNativeTarget "AHTableView" */ = {
			isa = XCConfigurationList;
			buildConfigurations = (
				FECA953E1D596D7C00582F8B /* Debug */,
				FECA953F1D596D7C00582F8B /* Release */,
			);
			defaultConfigurationIsVisible = 0;
			defaultConfigurationName = Release;
		};
		FECA95401D596D7C00582F8B /* Build configuration list for PBXNativeTarget "AHTableViewTests" */ = {
			isa = XCConfigurationList;
			buildConfigurations = (
				FECA95411D596D7C00582F8B /* Debug */,
				FECA95421D596D7C00582F8B /* Release */,
			);
			defaultConfigurationIsVisible = 0;
			defaultConfigurationName = Release;
		};
		FECA95431D596D7C00582F8B /* Build configuration list for PBXNativeTarget "AHTableViewUITests" */ = {
			isa = XCConfigurationList;
			buildConfigurations = (
				FECA95441D596D7C00582F8B /* Debug */,
				FECA95451D596D7C00582F8B /* Release */,
			);
			defaultConfigurationIsVisible = 0;
			defaultConfigurationName = Release;
		};
/* End XCConfigurationList section */
	};
	rootObject = FECA95081D596D7C00582F8B /* Project object */;
}
